{
    "_readme": [
        "This file locks the dependencies of your project to a known state",
        "Read more about it at https://getcomposer.org/doc/01-basic-usage.md#installing-dependencies",
        "This file is @generated automatically"
    ],
    "content-hash": "88151c9fa8156b912f8d4334dc9d146a",
    "packages": [
        {
            "name": "incomaker/api",
            "version": "3.1.2",
            "source": {
                "type": "git",
                "url": "https://github.com/incomaker/api.git",
                "reference": "454b866421beb65a1a2231e5b91d67df2dfe7736"
            },
            "dist": {
                "type": "zip",
                "url": "https://api.github.com/repos/incomaker/api/zipball/454b866421beb65a1a2231e5b91d67df2dfe7736",
                "reference": "454b866421beb65a1a2231e5b91d67df2dfe7736",
                "shasum": ""
            },
            "require": {
                "ext-json": "*"
            },
            "type": "library",
            "autoload": {
                "psr-4": {
                    "Incomaker\\Api\\": ""
                }
            },
            "notification-url": "https://packagist.org/downloads/",
            "license": [
                "GPL-2.0-or-later"
            ],
            "authors": [
                {
                    "name": "Incomaker",
                    "email": "support@incomaker.com"
                }
            ],
            "description": "Incomaker API library",
            "support": {
                "issues": "https://github.com/incomaker/api/issues",
                "source": "https://github.com/incomaker/api/tree/3.1.2"
            },
            "time": "2023-09-05T11:25:53+00:00"
        }
    ],
    "packages-dev": [],
    "aliases": [],
    "minimum-stability": "stable",
    "stability-flags": [],
    "prefer-stable": false,
    "prefer-lowest": false,
    "platform": [],
    "platform-dev": [],
    "plugin-api-version": "2.3.0"
}
