{
    "_readme": [
        "This file locks the dependencies of your project to a known state",
        "Read more about it at https://getcomposer.org/doc/01-basic-usage.md#installing-dependencies",
        "This file is @generated automatically"
    ],
    "content-hash": "1c288ef31669c12b365cd3e8ebfe3e83",
    "packages": [
        {
            "name": "incomaker/api",
            "version": "3.1.3",
            "source": {
                "type": "git",
                "url": "https://github.com/incomaker/api.git",
                "reference": "9fa0ddd5edf548b766ce8bbd41c058a5b2fc1cf3"
            },
            "dist": {
                "type": "zip",
                "url": "https://api.github.com/repos/incomaker/api/zipball/9fa0ddd5edf548b766ce8bbd41c058a5b2fc1cf3",
                "reference": "9fa0ddd5edf548b766ce8bbd41c058a5b2fc1cf3",
                "shasum": ""
            },
            "require": {
                "ext-json": "*"
            },
            "type": "library",
            "autoload": {
                "psr-4": {
                    "Incomaker\\Api\\": ""
                }
            },
            "notification-url": "https://packagist.org/downloads/",
            "license": [
                "GPL-2.0-or-later"
            ],
            "authors": [
                {
                    "name": "Incomaker",
                    "email": "support@incomaker.com"
                }
            ],
            "description": "Incomaker API library",
            "support": {
                "issues": "https://github.com/incomaker/api/issues",
                "source": "https://github.com/incomaker/api/tree/3.1.3"
            },
            "time": "2023-09-07T11:28:43+00:00"
        }
    ],
    "packages-dev": [],
    "aliases": [],
    "minimum-stability": "stable",
    "stability-flags": [],
    "prefer-stable": false,
    "prefer-lowest": false,
    "platform": [],
    "platform-dev": [],
    "plugin-api-version": "2.3.0"
}
