{
    "_readme": [
        "This file locks the dependencies of your project to a known state",
        "Read more about it at https://getcomposer.org/doc/01-basic-usage.md#installing-dependencies",
        "This file is @generated automatically"
    ],
    "content-hash": "d6b941736c61eb5672c6262db3d34710",
    "packages": [
        {
            "name": "incomaker/api",
            "version": "3.1.1",
            "source": {
                "type": "git",
                "url": "https://github.com/incomaker/api.git",
                "reference": "d0e8861df686e4840955caaffaa2321175083d06"
            },
            "dist": {
                "type": "zip",
                "url": "https://api.github.com/repos/incomaker/api/zipball/d0e8861df686e4840955caaffaa2321175083d06",
                "reference": "d0e8861df686e4840955caaffaa2321175083d06",
                "shasum": ""
            },
            "require": {
                "ext-json": "*"
            },
            "type": "library",
            "autoload": {
                "psr-4": {
                    "Incomaker\\Api\\": ""
                }
            },
            "notification-url": "https://packagist.org/downloads/",
            "license": [
                "GPL-2.0-or-later"
            ],
            "authors": [
                {
                    "name": "Incomaker",
                    "email": "support@incomaker.com"
                }
            ],
            "description": "Incomaker API library",
            "support": {
                "issues": "https://github.com/incomaker/api/issues",
                "source": "https://github.com/incomaker/api/tree/3.1.1"
            },
            "time": "2023-08-31T09:20:19+00:00"
        }
    ],
    "packages-dev": [],
    "aliases": [],
    "minimum-stability": "stable",
    "stability-flags": [],
    "prefer-stable": false,
    "prefer-lowest": false,
    "platform": [],
    "platform-dev": [],
    "plugin-api-version": "2.3.0"
}
